<?xml version="1.0" encoding="utf-8"?>
<Project ToolsVersion="4.0" xmlns="http://schemas.microsoft.com/developer/msbuild/2003">
  <ItemGroup>
    <Filter Include="Source Files">
      <UniqueIdentifier>{4FC737F1-C7A5-4376-A066-2A32D752A2FF}</UniqueIdentifier>
      <Extensions>cpp;c;cc;cxx;c++;cppm;ixx;def;odl;idl;hpj;bat;asm;asmx</Extensions>
    </Filter>
    <Filter Include="Header Files">
      <UniqueIdentifier>{93995380-89BD-4b04-88EB-625FBE52EBFB}</UniqueIdentifier>
      <Extensions>h;hh;hpp;hxx;h++;hm;inl;inc;ipp;xsd</Extensions>
    </Filter>
    <Filter Include="Resource Files">
      <UniqueIdentifier>{67DA6AB6-F800-4c08-8B7A-83BB121AAD01}</UniqueIdentifier>
      <Extensions>rc;ico;cur;bmp;dlg;rc2;rct;bin;rgs;gif;jpg;jpeg;jpe;resx;tiff;tif;png;wav;mfcribbon-ms</Extensions>
    </Filter>
    <Filter Include="Source Files\SquidTasks">
      <UniqueIdentifier>{63b632a7-ce3c-4dd9-a970-5e661d591932}</UniqueIdentifier>
    </Filter>
    <Filter Include="Source Files\SquidTasks\Private">
      <UniqueIdentifier>{89a92d2a-3fa9-4c0d-8dbf-466c03830dc3}</UniqueIdentifier>
    </Filter>
    <Filter Include="Source Files\Common">
      <UniqueIdentifier>{cf5b02a9-ec31-44ea-9840-80634ce22458}</UniqueIdentifier>
    </Filter>
  </ItemGroup>
  <ItemGroup>
    <ClCompile Include="Main.cpp">
      <Filter>Source Files</Filter>
    </ClCompile>
  </ItemGroup>
  <ItemGroup>
    <ClInclude Include="..\..\include\FunctionGuard.h">
      <Filter>Source Files\SquidTasks</Filter>
    </ClInclude>
    <ClInclude Include="..\..\include\Task.h">
      <Filter>Source Files\SquidTasks</Filter>
    </ClInclude>
    <ClInclude Include="..\..\include\TaskManager.h">
      <Filter>Source Files\SquidTasks</Filter>
    </ClInclude>
    <ClInclude Include="..\..\include\TasksConfig.h">
      <Filter>Source Files\SquidTasks</Filter>
    </ClInclude>
    <ClInclude Include="..\..\include\TokenList.h">
      <Filter>Source Files\SquidTasks</Filter>
    </ClInclude>
    <ClInclude Include="..\..\include\TaskFSM.h">
      <Filter>Source Files\SquidTasks</Filter>
    </ClInclude>
    <ClInclude Include="..\..\include\Private\TaskFSMPrivate.h">
      <Filter>Source Files\SquidTasks\Private</Filter>
    </ClInclude>
    <ClInclude Include="..\..\include\Private\TaskPrivate.h">
      <Filter>Source Files\SquidTasks\Private</Filter>
    </ClInclude>
    <ClInclude Include="..\..\include\Private\TasksCommonPrivate.h">
      <Filter>Source Files\SquidTasks\Private</Filter>
    </ClInclude>
    <ClInclude Include="..\Common\TimeSystem.h">
      <Filter>Source Files\Common</Filter>
    </ClInclude>
  </ItemGroup>
</Project>